schema: '2.0'
stages:
  data_ingestion:
    cmd: python scr/data_ingestion.py
    deps:
    - path: scr/data_ingestion.py
      hash: md5
      md5: 39b6d055169b44d7f9499432cb332a19
      size: 2495
    params:
      params.yaml:
        data_ingestion:
          dataset_url: 
            https://raw.githubusercontent.com/FaiqImran123/CustomerChurnPred/FaiqImran123/Churn_Modelling.csv
          test_size: 0.2
          random_state: 42
        preprocessing:
          drop_columns:
          - RowNumber
          - CustomerId
          - Surname
          categorical_features:
          - Gender
          - Geography
          one_hot_encoding:
            handle_unknown: ignore
    outs:
    - path: data/raw
      hash: md5
      md5: 0253c901ddb8b22c948ff5b526ec95b9.dir
      size: 479315
      nfiles: 2
  preprocess:
    cmd: python scr/preprocess.py
    deps:
    - path: data/raw
      hash: md5
      md5: 0253c901ddb8b22c948ff5b526ec95b9.dir
      size: 479315
      nfiles: 2
    - path: scr/preprocess.py
      hash: md5
      md5: c8e055ea304b713a96b445bb7cab8279
      size: 5131
    params:
      params.yaml:
        preprocessing:
          drop_columns:
          - RowNumber
          - CustomerId
          - Surname
          categorical_features:
          - Gender
          - Geography
          one_hot_encoding:
            handle_unknown: ignore
    outs:
    - path: data/interim
      hash: md5
      md5: 0b92b79d61b28091c7955bdc59540ff7.dir
      size: 490279
      nfiles: 2
  model_train:
    cmd: python scr/model_training.py
    deps:
    - path: data/interim
      hash: md5
      md5: 0b92b79d61b28091c7955bdc59540ff7.dir
      size: 490279
      nfiles: 2
    - path: scr/model_training.py
      hash: md5
      md5: a44b4b13db60b6dfd964e85f00e4c2b2
      size: 3945
    params:
      params.yaml:
        model_training:
          n_estimators: 200
          max_depth: 10
          random_state: 42
    outs:
    - path: models/random_forest.pkl
      hash: md5
      md5: 720d4c0f45e451cbcac26dbcb45d165e
      size: 9522793
