schema: '2.0'
stages:
  data_ingestion:
    cmd: python scr/data_ingestion.py
    deps:
    - path: scr/data_ingestion.py
      hash: md5
      md5: 39b6d055169b44d7f9499432cb332a19
      size: 2495
    params:
      params.yaml:
        data_ingestion:
          dataset_url: 
            https://raw.githubusercontent.com/FaiqImran123/CustomerChurnPred/FaiqImran123/Churn_Modelling.csv
          test_size: 0.3
          random_state: 42
        preprocessing:
          drop_columns:
          - RowNumber
          - CustomerId
          - Surname
          categorical_features:
          - Gender
          - Geography
          one_hot_encoding:
            handle_unknown: ignore
    outs:
    - path: data/raw
      hash: md5
      md5: 65260b285cc09dec9f9d14eea77f0523.dir
      size: 479315
      nfiles: 2
  preprocess:
    cmd: python scr/preprocess.py
    deps:
    - path: data/raw
      hash: md5
      md5: 65260b285cc09dec9f9d14eea77f0523.dir
      size: 479315
      nfiles: 2
    - path: scr/preprocess.py
      hash: md5
      md5: c8e055ea304b713a96b445bb7cab8279
      size: 5131
    params:
      params.yaml:
        preprocessing:
          drop_columns:
          - RowNumber
          - CustomerId
          - Surname
          categorical_features:
          - Gender
          - Geography
          one_hot_encoding:
            handle_unknown: ignore
    outs:
    - path: data/interim
      hash: md5
      md5: 9c4b26f87ec2c38bb9d7714bec139748.dir
      size: 490279
      nfiles: 2
  model_train:
    cmd: python scr/model_training.py
    deps:
    - path: data/interim
      hash: md5
      md5: 9c4b26f87ec2c38bb9d7714bec139748.dir
      size: 490279
      nfiles: 2
    - path: scr/model_training.py
      hash: md5
      md5: bae2d5b1ad7cb53259eb24193c389336
      size: 4095
    params:
      params.yaml:
        model_training:
          n_estimators: 50
          max_depth: 12
          random_state: 42
    outs:
    - path: models/random_forest.pkl
      hash: md5
      md5: 38c67cf2809749bd7bc40e0743afe097
      size: 4187593
